
Microsoft Visual Studio Solution File, Format Version 12.00
# Visual Studio Version 16
VisualStudioVersion = 16.0.29609.76
MinimumVisualStudioVersion = 10.0.40219.1
Project("{9A19103F-16F7-4668-BE54-9A1E7A4F7556}") = "Syngen", "Syngen\Syngen.csproj", "{AF4A8717-DBE6-4AAC-90C3-B9DC08AA53A6}"
EndProject
Project("{FAE04EC0-301F-11D3-BF4B-00C04F79EFBC}") = "Syngen.Core", "Syngen.Core\Syngen.Core.csproj", "{9C17DDBE-8140-4C49-9CFD-604A28F79731}"
EndProject
Global
	GlobalSection(SolutionConfigurationPlatforms) = preSolution
		Debug|Any CPU = Debug|Any CPU
		Release|Any CPU = Release|Any CPU
	EndGlobalSection
	GlobalSection(ProjectConfigurationPlatforms) = postSolution
		{AF4A8717-DBE6-4AAC-90C3-B9DC08AA53A6}.Debug|Any CPU.ActiveCfg = Debug|Any CPU
		{AF4A8717-DBE6-4AAC-90C3-B9DC08AA53A6}.Debug|Any CPU.Build.0 = Debug|Any CPU
		{AF4A8717-DBE6-4AAC-90C3-B9DC08AA53A6}.Release|Any CPU.ActiveCfg = Release|Any CPU
		{AF4A8717-DBE6-4AAC-90C3-B9DC08AA53A6}.Release|Any CPU.Build.0 = Release|Any CPU
		{9C17DDBE-8140-4C49-9CFD-604A28F79731}.Debug|Any CPU.ActiveCfg = Debug|Any CPU
		{9C17DDBE-8140-4C49-9CFD-604A28F79731}.Debug|Any CPU.Build.0 = Debug|Any CPU
		{9C17DDBE-8140-4C49-9CFD-604A28F79731}.Release|Any CPU.ActiveCfg = Release|Any CPU
		{9C17DDBE-8140-4C49-9CFD-604A28F79731}.Release|Any CPU.Build.0 = Release|Any CPU
	EndGlobalSection
	GlobalSection(SolutionProperties) = preSolution
		HideSolutionNode = FALSE
	EndGlobalSection
	GlobalSection(ExtensibilityGlobals) = postSolution
		SolutionGuid = {B817A534-C25F-4A0D-B154-89CB60A36E00}
	EndGlobalSection
EndGlobal
